
Microsoft Visual Studio Solution File, Format Version 12.00
# Visual Studio Version 17
VisualStudioVersion = 17.14.36623.8 d17.14
MinimumVisualStudioVersion = 10.0.40219.1
Project("{FAE04EC0-301F-11D3-BF4B-00C04F79EFBC}") = "Exemplo", "Exemplo.csproj", "{CFA42B4A-8D75-4C89-96E2-74EE20E347F6}"
EndProject
Global
	GlobalSection(SolutionConfigurationPlatforms) = preSolution
		Debug|Any CPU = Debug|Any CPU
		Release|Any CPU = Release|Any CPU
	EndGlobalSection
	GlobalSection(ProjectConfigurationPlatforms) = postSolution
		{CFA42B4A-8D75-4C89-96E2-74EE20E347F6}.Debug|Any CPU.ActiveCfg = Debug|Any CPU
		{CFA42B4A-8D75-4C89-96E2-74EE20E347F6}.Debug|Any CPU.Build.0 = Debug|Any CPU
		{CFA42B4A-8D75-4C89-96E2-74EE20E347F6}.Release|Any CPU.ActiveCfg = Release|Any CPU
		{CFA42B4A-8D75-4C89-96E2-74EE20E347F6}.Release|Any CPU.Build.0 = Release|Any CPU
	EndGlobalSection
	GlobalSection(SolutionProperties) = preSolution
		HideSolutionNode = FALSE
	EndGlobalSection
	GlobalSection(ExtensibilityGlobals) = postSolution
		SolutionGuid = {877C14B8-BE19-4563-84A9-B37806CE5D4B}
	EndGlobalSection
EndGlobal
